
Microsoft Visual Studio Solution File, Format Version 12.00
# Visual Studio 15
VisualStudioVersion = 15.0.27703.2035
MinimumVisualStudioVersion = 10.0.40219.1
Project("{8BC9CEB8-8B4A-11D0-8D11-00A0C91BC942}") = "OS_Project_DMA", "OS_Project_DMA\OS_Project_DMA.vcxproj", "{3C2FEFEF-15F0-4372-AAA5-6216D9306255}"
EndProject
Global
	GlobalSection(SolutionConfigurationPlatforms) = preSolution
		Debug|x64 = Debug|x64
		Debug|x86 = Debug|x86
		Release|x64 = Release|x64
		Release|x86 = Release|x86
	EndGlobalSection
	GlobalSection(ProjectConfigurationPlatforms) = postSolution
		{3C2FEFEF-15F0-4372-AAA5-6216D9306255}.Debug|x64.ActiveCfg = Debug|x64
		{3C2FEFEF-15F0-4372-AAA5-6216D9306255}.Debug|x64.Build.0 = Debug|x64
		{3C2FEFEF-15F0-4372-AAA5-6216D9306255}.Debug|x86.ActiveCfg = Debug|Win32
		{3C2FEFEF-15F0-4372-AAA5-6216D9306255}.Debug|x86.Build.0 = Debug|Win32
		{3C2FEFEF-15F0-4372-AAA5-6216D9306255}.Release|x64.ActiveCfg = Release|x64
		{3C2FEFEF-15F0-4372-AAA5-6216D9306255}.Release|x64.Build.0 = Release|x64
		{3C2FEFEF-15F0-4372-AAA5-6216D9306255}.Release|x86.ActiveCfg = Release|Win32
		{3C2FEFEF-15F0-4372-AAA5-6216D9306255}.Release|x86.Build.0 = Release|Win32
	EndGlobalSection
	GlobalSection(SolutionProperties) = preSolution
		HideSolutionNode = FALSE
	EndGlobalSection
	GlobalSection(ExtensibilityGlobals) = postSolution
		SolutionGuid = {938E0D6A-D133-4AEA-906E-1ECB56FB2621}
	EndGlobalSection
EndGlobal
