
Microsoft Visual Studio Solution File, Format Version 12.00
# Visual Studio Version 16
VisualStudioVersion = 16.0.28803.352
MinimumVisualStudioVersion = 10.0.40219.1
Project("{8BC9CEB8-8B4A-11D0-8D11-00A0C91BC942}") = "OS_ASSIGN02_2015104232_홍성표", "OS_ASSIGN02_2015104232_홍성표\OS_ASSIGN02_2015104232_홍성표.vcxproj", "{7490C520-D2E0-47BD-B1A9-92EA27134170}"
EndProject
Global
	GlobalSection(SolutionConfigurationPlatforms) = preSolution
		Debug|x64 = Debug|x64
		Debug|x86 = Debug|x86
		Release|x64 = Release|x64
		Release|x86 = Release|x86
	EndGlobalSection
	GlobalSection(ProjectConfigurationPlatforms) = postSolution
		{7490C520-D2E0-47BD-B1A9-92EA27134170}.Debug|x64.ActiveCfg = Debug|x64
		{7490C520-D2E0-47BD-B1A9-92EA27134170}.Debug|x64.Build.0 = Debug|x64
		{7490C520-D2E0-47BD-B1A9-92EA27134170}.Debug|x86.ActiveCfg = Debug|Win32
		{7490C520-D2E0-47BD-B1A9-92EA27134170}.Debug|x86.Build.0 = Debug|Win32
		{7490C520-D2E0-47BD-B1A9-92EA27134170}.Release|x64.ActiveCfg = Release|x64
		{7490C520-D2E0-47BD-B1A9-92EA27134170}.Release|x64.Build.0 = Release|x64
		{7490C520-D2E0-47BD-B1A9-92EA27134170}.Release|x86.ActiveCfg = Release|Win32
		{7490C520-D2E0-47BD-B1A9-92EA27134170}.Release|x86.Build.0 = Release|Win32
	EndGlobalSection
	GlobalSection(SolutionProperties) = preSolution
		HideSolutionNode = FALSE
	EndGlobalSection
	GlobalSection(ExtensibilityGlobals) = postSolution
		SolutionGuid = {70A0E93A-44BA-47DE-AF0A-09524B8C1F5A}
	EndGlobalSection
EndGlobal
